Microsoft Visual Studio Solution File, Format Version 12.00
# Visual Studio Version 17
VisualStudioVersion = 17.0.31423.177
MinimumVisualStudioVersion = 10.0.40219.1
Project("{9A19103F-16F7-4668-BE54-9A1E7A4F7556}") = "MitchCodes.DIDynamicProxy.DotNet", "src\MitchCodes.DIDynamicProxy.DotNet\MitchCodes.DIDynamicProxy.DotNet.csproj", "{18202C26-F3C9-468B-80E8-879F83694AA9}"
EndProject
Project("{9A19103F-16F7-4668-BE54-9A1E7A4F7556}") = "MitchCodes.DIDynamicProxy.DotNet.Tests", "tests\MitchCodes.DIDynamicProxy.DotNet.Tests\MitchCodes.DIDynamicProxy.DotNet.Tests.csproj", "{A1B2C3D4-E5F6-7890-ABCD-EF1234567890}"
EndProject
Project("{2150E333-8FDC-42A3-9474-1A3956D46DE8}") = "Solution Items", "Solution Items", "{6A354491-6C15-459E-9175-11D58D0177CD}"
	ProjectSection(SolutionItems) = preProject
		.gitignore = .gitignore
		.github\workflows\build-and-publish.yml = .github\workflows\build-and-publish.yml
		CLAUDE.md = CLAUDE.md
		LICENSE = LICENSE
		README.md = README.md
	EndProjectSection
EndProject
Global
	GlobalSection(SolutionConfigurationPlatforms) = preSolution
		Debug|Any CPU = Debug|Any CPU
		Release|Any CPU = Release|Any CPU
	EndGlobalSection
	GlobalSection(ProjectConfigurationPlatforms) = postSolution
		{18202C26-F3C9-468B-80E8-879F83694AA9}.Debug|Any CPU.ActiveCfg = Debug|Any CPU
		{18202C26-F3C9-468B-80E8-879F83694AA9}.Debug|Any CPU.Build.0 = Debug|Any CPU
		{18202C26-F3C9-468B-80E8-879F83694AA9}.Release|Any CPU.ActiveCfg = Release|Any CPU
		{18202C26-F3C9-468B-80E8-879F83694AA9}.Release|Any CPU.Build.0 = Release|Any CPU
		{A1B2C3D4-E5F6-7890-ABCD-EF1234567890}.Debug|Any CPU.ActiveCfg = Debug|Any CPU
		{A1B2C3D4-E5F6-7890-ABCD-EF1234567890}.Debug|Any CPU.Build.0 = Debug|Any CPU
		{A1B2C3D4-E5F6-7890-ABCD-EF1234567890}.Release|Any CPU.ActiveCfg = Release|Any CPU
		{A1B2C3D4-E5F6-7890-ABCD-EF1234567890}.Release|Any CPU.Build.0 = Release|Any CPU
	EndGlobalSection
	GlobalSection(SolutionProperties) = preSolution
		HideSolutionNode = FALSE
	EndGlobalSection
	GlobalSection(ExtensibilityGlobals) = postSolution
		SolutionGuid = {4E464B40-8B3D-427D-BA61-053DB0B94968}
	EndGlobalSection
EndGlobal
